
Microsoft Visual Studio Solution File, Format Version 12.00
# Visual Studio 15
VisualStudioVersion = 15.0.28010.2026
MinimumVisualStudioVersion = 10.0.40219.1
Project("{FAE04EC0-301F-11D3-BF4B-00C04F79EFBC}") = "AoC_2018", "AoC_2018\AoC_2018.csproj", "{DE13A330-AD87-4B5E-869D-6FAB3E922A90}"
EndProject
Global
	GlobalSection(SolutionConfigurationPlatforms) = preSolution
		Debug|Any CPU = Debug|Any CPU
		Release|Any CPU = Release|Any CPU
	EndGlobalSection
	GlobalSection(ProjectConfigurationPlatforms) = postSolution
		{DE13A330-AD87-4B5E-869D-6FAB3E922A90}.Debug|Any CPU.ActiveCfg = Debug|Any CPU
		{DE13A330-AD87-4B5E-869D-6FAB3E922A90}.Debug|Any CPU.Build.0 = Debug|Any CPU
		{DE13A330-AD87-4B5E-869D-6FAB3E922A90}.Release|Any CPU.ActiveCfg = Release|Any CPU
		{DE13A330-AD87-4B5E-869D-6FAB3E922A90}.Release|Any CPU.Build.0 = Release|Any CPU
	EndGlobalSection
	GlobalSection(SolutionProperties) = preSolution
		HideSolutionNode = FALSE
	EndGlobalSection
	GlobalSection(ExtensibilityGlobals) = postSolution
		SolutionGuid = {B7240FE8-8853-4D77-81B7-5710B66F41D5}
	EndGlobalSection
EndGlobal
